
Microsoft Visual Studio Solution File, Format Version 12.00
# Visual Studio Version 17
VisualStudioVersion = 17.2.32616.157
MinimumVisualStudioVersion = 10.0.40219.1
Project("{FAE04EC0-301F-11D3-BF4B-00C04F79EFBC}") = "FitnessCenter", "FitnessCenter\FitnessCenter.csproj", "{8E57B644-E516-4EB0-9A45-F9C476003E3E}"
EndProject
Global
	GlobalSection(SolutionConfigurationPlatforms) = preSolution
		Debug|Any CPU = Debug|Any CPU
		Release|Any CPU = Release|Any CPU
	EndGlobalSection
	GlobalSection(ProjectConfigurationPlatforms) = postSolution
		{8E57B644-E516-4EB0-9A45-F9C476003E3E}.Debug|Any CPU.ActiveCfg = Debug|Any CPU
		{8E57B644-E516-4EB0-9A45-F9C476003E3E}.Debug|Any CPU.Build.0 = Debug|Any CPU
		{8E57B644-E516-4EB0-9A45-F9C476003E3E}.Release|Any CPU.ActiveCfg = Release|Any CPU
		{8E57B644-E516-4EB0-9A45-F9C476003E3E}.Release|Any CPU.Build.0 = Release|Any CPU
	EndGlobalSection
	GlobalSection(SolutionProperties) = preSolution
		HideSolutionNode = FALSE
	EndGlobalSection
	GlobalSection(ExtensibilityGlobals) = postSolution
		SolutionGuid = {E29E8727-E18F-4030-809B-0297C826D659}
	EndGlobalSection
EndGlobal
